
Microsoft Visual Studio Solution File, Format Version 12.00
# Visual Studio 15
VisualStudioVersion = 15.0.27428.2015
MinimumVisualStudioVersion = 10.0.40219.1
Project("{FAE04EC0-301F-11D3-BF4B-00C04F79EFBC}") = "FirstCSharp", "FirstCSharp\FirstCSharp.csproj", "{D1B63F36-300C-43C9-B750-62D32625820D}"
EndProject
Global
	GlobalSection(SolutionConfigurationPlatforms) = preSolution
		Debug|Any CPU = Debug|Any CPU
		Release|Any CPU = Release|Any CPU
	EndGlobalSection
	GlobalSection(ProjectConfigurationPlatforms) = postSolution
		{D1B63F36-300C-43C9-B750-62D32625820D}.Debug|Any CPU.ActiveCfg = Debug|Any CPU
		{D1B63F36-300C-43C9-B750-62D32625820D}.Debug|Any CPU.Build.0 = Debug|Any CPU
		{D1B63F36-300C-43C9-B750-62D32625820D}.Release|Any CPU.ActiveCfg = Release|Any CPU
		{D1B63F36-300C-43C9-B750-62D32625820D}.Release|Any CPU.Build.0 = Release|Any CPU
	EndGlobalSection
	GlobalSection(SolutionProperties) = preSolution
		HideSolutionNode = FALSE
	EndGlobalSection
	GlobalSection(ExtensibilityGlobals) = postSolution
		SolutionGuid = {A46DED57-EA8F-41C0-84BD-FAAD5A2E408D}
	EndGlobalSection
EndGlobal
